
Microsoft Visual Studio Solution File, Format Version 12.00
# Visual Studio Version 16
VisualStudioVersion = 16.0.28531.58
MinimumVisualStudioVersion = 10.0.40219.1
Project("{2150E333-8FDC-42A3-9474-1A3956D46DE8}") = "Solution Items", "Solution Items", "{DB6B96CF-A8A7-46EA-8F0F-A3EB1FF0B7B9}"
	ProjectSection(SolutionItems) = preProject
		.editorconfig = .editorconfig
		.gitignore = .gitignore
		LICENSE = LICENSE
		README.md = README.md
	EndProjectSection
EndProject
Project("{2150E333-8FDC-42A3-9474-1A3956D46DE8}") = "src", "src", "{12A7248F-44C4-4A34-A9FB-598EAA330A3B}"
EndProject
Project("{FAE04EC0-301F-11D3-BF4B-00C04F79EFBC}") = "Vikekh.Www.Blazor.Server", "src\Vikekh.Www.Blazor.Server\Vikekh.Www.Blazor.Server.csproj", "{DF07CCCF-215A-43C8-9B23-CCD69B25AB82}"
EndProject
Project("{FAE04EC0-301F-11D3-BF4B-00C04F79EFBC}") = "Vikekh.Www.Blazor.Client", "src\Vikekh.Www.Blazor.Client\Vikekh.Www.Blazor.Client.csproj", "{BC47E406-5D11-44A6-9A22-E51EF29E2A5F}"
EndProject
Project("{FAE04EC0-301F-11D3-BF4B-00C04F79EFBC}") = "Vikekh.Www.Blazor.Shared", "src\Vikekh.Www.Blazor.Shared\Vikekh.Www.Blazor.Shared.csproj", "{8AA58E86-4477-4C66-9DD7-3ADCB40BDEF1}"
EndProject
Global
	GlobalSection(SolutionConfigurationPlatforms) = preSolution
		Debug|Any CPU = Debug|Any CPU
		Release|Any CPU = Release|Any CPU
	EndGlobalSection
	GlobalSection(ProjectConfigurationPlatforms) = postSolution
		{DF07CCCF-215A-43C8-9B23-CCD69B25AB82}.Debug|Any CPU.ActiveCfg = Debug|Any CPU
		{DF07CCCF-215A-43C8-9B23-CCD69B25AB82}.Debug|Any CPU.Build.0 = Debug|Any CPU
		{DF07CCCF-215A-43C8-9B23-CCD69B25AB82}.Release|Any CPU.ActiveCfg = Release|Any CPU
		{DF07CCCF-215A-43C8-9B23-CCD69B25AB82}.Release|Any CPU.Build.0 = Release|Any CPU
		{BC47E406-5D11-44A6-9A22-E51EF29E2A5F}.Debug|Any CPU.ActiveCfg = Debug|Any CPU
		{BC47E406-5D11-44A6-9A22-E51EF29E2A5F}.Debug|Any CPU.Build.0 = Debug|Any CPU
		{BC47E406-5D11-44A6-9A22-E51EF29E2A5F}.Release|Any CPU.ActiveCfg = Release|Any CPU
		{BC47E406-5D11-44A6-9A22-E51EF29E2A5F}.Release|Any CPU.Build.0 = Release|Any CPU
		{8AA58E86-4477-4C66-9DD7-3ADCB40BDEF1}.Debug|Any CPU.ActiveCfg = Debug|Any CPU
		{8AA58E86-4477-4C66-9DD7-3ADCB40BDEF1}.Debug|Any CPU.Build.0 = Debug|Any CPU
		{8AA58E86-4477-4C66-9DD7-3ADCB40BDEF1}.Release|Any CPU.ActiveCfg = Release|Any CPU
		{8AA58E86-4477-4C66-9DD7-3ADCB40BDEF1}.Release|Any CPU.Build.0 = Release|Any CPU
	EndGlobalSection
	GlobalSection(SolutionProperties) = preSolution
		HideSolutionNode = FALSE
	EndGlobalSection
	GlobalSection(NestedProjects) = preSolution
		{DF07CCCF-215A-43C8-9B23-CCD69B25AB82} = {12A7248F-44C4-4A34-A9FB-598EAA330A3B}
	EndGlobalSection
	GlobalSection(ExtensibilityGlobals) = postSolution
		SolutionGuid = {D5CF2183-1409-4A6F-97FE-68D2AB1F82E4}
	EndGlobalSection
EndGlobal
